
Microsoft Visual Studio Solution File, Format Version 12.00
# Visual Studio 15
VisualStudioVersion = 15.0.28010.2048
MinimumVisualStudioVersion = 10.0.40219.1
Project("{FAE04EC0-301F-11D3-BF4B-00C04F79EFBC}") = "MonitorReaderEvents.Con", "MonitorReaderEvents\MonitorReaderEvents.Con.csproj", "{EB3A9C96-E283-46D6-B91B-749A4700EBA2}"
EndProject
Project("{FAE04EC0-301F-11D3-BF4B-00C04F79EFBC}") = "MonitorReaderEvents.Wpf", "MonitorReaderEvents.Wpf\MonitorReaderEvents.Wpf.csproj", "{0F210AC5-AB6F-421A-9E2C-80BD22D6FE53}"
EndProject
Project("{FAE04EC0-301F-11D3-BF4B-00C04F79EFBC}") = "MonitorReaderEvents.Lib", "MonitorReaderEvents.Lib\MonitorReaderEvents.Lib.csproj", "{DE2A9463-7DC5-498B-8C05-5E497E4D7598}"
EndProject
Global
	GlobalSection(SolutionConfigurationPlatforms) = preSolution
		Debug|Any CPU = Debug|Any CPU
		Release|Any CPU = Release|Any CPU
	EndGlobalSection
	GlobalSection(ProjectConfigurationPlatforms) = postSolution
		{EB3A9C96-E283-46D6-B91B-749A4700EBA2}.Debug|Any CPU.ActiveCfg = Debug|Any CPU
		{EB3A9C96-E283-46D6-B91B-749A4700EBA2}.Debug|Any CPU.Build.0 = Debug|Any CPU
		{EB3A9C96-E283-46D6-B91B-749A4700EBA2}.Release|Any CPU.ActiveCfg = Release|Any CPU
		{EB3A9C96-E283-46D6-B91B-749A4700EBA2}.Release|Any CPU.Build.0 = Release|Any CPU
		{0F210AC5-AB6F-421A-9E2C-80BD22D6FE53}.Debug|Any CPU.ActiveCfg = Debug|Any CPU
		{0F210AC5-AB6F-421A-9E2C-80BD22D6FE53}.Debug|Any CPU.Build.0 = Debug|Any CPU
		{0F210AC5-AB6F-421A-9E2C-80BD22D6FE53}.Release|Any CPU.ActiveCfg = Release|Any CPU
		{0F210AC5-AB6F-421A-9E2C-80BD22D6FE53}.Release|Any CPU.Build.0 = Release|Any CPU
		{DE2A9463-7DC5-498B-8C05-5E497E4D7598}.Debug|Any CPU.ActiveCfg = Debug|Any CPU
		{DE2A9463-7DC5-498B-8C05-5E497E4D7598}.Debug|Any CPU.Build.0 = Debug|Any CPU
		{DE2A9463-7DC5-498B-8C05-5E497E4D7598}.Release|Any CPU.ActiveCfg = Release|Any CPU
		{DE2A9463-7DC5-498B-8C05-5E497E4D7598}.Release|Any CPU.Build.0 = Release|Any CPU
	EndGlobalSection
	GlobalSection(SolutionProperties) = preSolution
		HideSolutionNode = FALSE
	EndGlobalSection
	GlobalSection(ExtensibilityGlobals) = postSolution
		SolutionGuid = {69C5A456-7709-4DC3-B922-298124481C41}
	EndGlobalSection
EndGlobal
